
Microsoft Visual Studio Solution File, Format Version 12.00
# Visual Studio 2012
Project("{F2A71F9B-5D33-465A-A702-920D77279786}") = "FSharpWPFReactiveTest", "FSharpWPFReactiveTest\FSharpWPFReactiveTest\FSharpWPFReactiveTest.fsproj", "{30597BE9-08F8-4832-8AB7-009C00A6A2F2}"
EndProject
Project("{2150E333-8FDC-42A3-9474-1A3956D46DE8}") = ".nuget", ".nuget", "{54DA7DB1-61CE-408B-BFBF-071198C4CE56}"
	ProjectSection(SolutionItems) = preProject
		.nuget\packages.config = .nuget\packages.config
	EndProjectSection
EndProject
Global
	GlobalSection(SolutionConfigurationPlatforms) = preSolution
		Debug|x86 = Debug|x86
		Release|x86 = Release|x86
	EndGlobalSection
	GlobalSection(ProjectConfigurationPlatforms) = postSolution
		{30597BE9-08F8-4832-8AB7-009C00A6A2F2}.Debug|x86.ActiveCfg = Debug|x86
		{30597BE9-08F8-4832-8AB7-009C00A6A2F2}.Debug|x86.Build.0 = Debug|x86
		{30597BE9-08F8-4832-8AB7-009C00A6A2F2}.Release|x86.ActiveCfg = Release|x86
		{30597BE9-08F8-4832-8AB7-009C00A6A2F2}.Release|x86.Build.0 = Release|x86
	EndGlobalSection
	GlobalSection(SolutionProperties) = preSolution
		HideSolutionNode = FALSE
	EndGlobalSection
EndGlobal
